
Microsoft Visual Studio Solution File, Format Version 12.00
# Visual Studio Version 17
VisualStudioVersion = 17.14.36212.18
MinimumVisualStudioVersion = 10.0.40219.1
Project("{2150E333-8FDC-42A3-9474-1A3956D46DE8}") = "src", "src", "{6C83A596-D32D-B35F-00DD-F0C99B673980}"
EndProject
Project("{2150E333-8FDC-42A3-9474-1A3956D46DE8}") = "docs", "docs", "{0509A61A-7BD8-431F-B0A4-30F6B24A1EF2}"
EndProject
Project("{2150E333-8FDC-42A3-9474-1A3956D46DE8}") = "test", "test", "{CE0D972C-7ED8-4A06-BF7A-340958EFBC19}"
EndProject
Project("{FAE04EC0-301F-11D3-BF4B-00C04F79EFBC}") = "SmartHouse.domain", "src\BlaisePascal.SmartHouse.domain\SmartHouse.domain.csproj", "{4C2560D5-69FF-AE1C-AB8A-C96FD1210127}"
EndProject
Project("{FAE04EC0-301F-11D3-BF4B-00C04F79EFBC}") = "SmartHouse-test", "test\BlaisePascal.SmartHouse-test\SmartHouse-test.csproj", "{69E2329B-C393-988D-0A8F-153482A0AC4A}"
EndProject
Global
	GlobalSection(SolutionConfigurationPlatforms) = preSolution
		Debug|Any CPU = Debug|Any CPU
		Release|Any CPU = Release|Any CPU
	EndGlobalSection
	GlobalSection(ProjectConfigurationPlatforms) = postSolution
		{4C2560D5-69FF-AE1C-AB8A-C96FD1210127}.Debug|Any CPU.ActiveCfg = Debug|Any CPU
		{4C2560D5-69FF-AE1C-AB8A-C96FD1210127}.Debug|Any CPU.Build.0 = Debug|Any CPU
		{4C2560D5-69FF-AE1C-AB8A-C96FD1210127}.Release|Any CPU.ActiveCfg = Release|Any CPU
		{4C2560D5-69FF-AE1C-AB8A-C96FD1210127}.Release|Any CPU.Build.0 = Release|Any CPU
		{69E2329B-C393-988D-0A8F-153482A0AC4A}.Debug|Any CPU.ActiveCfg = Debug|Any CPU
		{69E2329B-C393-988D-0A8F-153482A0AC4A}.Debug|Any CPU.Build.0 = Debug|Any CPU
		{69E2329B-C393-988D-0A8F-153482A0AC4A}.Release|Any CPU.ActiveCfg = Release|Any CPU
		{69E2329B-C393-988D-0A8F-153482A0AC4A}.Release|Any CPU.Build.0 = Release|Any CPU
	EndGlobalSection
	GlobalSection(SolutionProperties) = preSolution
		HideSolutionNode = FALSE
	EndGlobalSection
	GlobalSection(NestedProjects) = preSolution
		{4C2560D5-69FF-AE1C-AB8A-C96FD1210127} = {6C83A596-D32D-B35F-00DD-F0C99B673980}
		{69E2329B-C393-988D-0A8F-153482A0AC4A} = {CE0D972C-7ED8-4A06-BF7A-340958EFBC19}
	EndGlobalSection
	GlobalSection(ExtensibilityGlobals) = postSolution
		SolutionGuid = {0E2CF45D-0698-459A-BF8D-541B6D54368C}
	EndGlobalSection
EndGlobal
